{
  "requires": true,
  "lockfileVersion": 1,
  "dependencies": {
    "primeicons": {
      "version": "4.1.0",
      "resolved": "https://registry.npmjs.org/primeicons/-/primeicons-4.1.0.tgz",
      "integrity": "sha512-uEv2pSPk1zQCfaB2VgnUfnUxxlGryYi+5rbdxmZBBt5v9S/pscIQYS5YDLxsQZ7D9jn5c76+Tx5wX/2J1nK6sA=="
    },
    "primevue": {
      "version": "3.5.1",
      "resolved": "https://registry.npmjs.org/primevue/-/primevue-3.5.1.tgz",
      "integrity": "sha512-QLXhsXse21Gz22pFJWVScy443FhnIAOK1OF07VlkaqypylftcpeVF6g9pXCSpQfkXpUc0LsH6kqwB9IlO3Lcgw=="
    }
  }
}
